version = 1
revision = 2
requires-python = ">=3.12"
resolution-markers = [
    "(platform_machine != 'aarch64' and sys_platform == 'linux') or (sys_platform != 'darwin' and sys_platform != 'linux')",
    "platform_machine == 'aarch64' and sys_platform == 'linux'",
    "sys_platform == 'darwin'",
]

[[package]]
name = "finetuning-notebooks"
version = "0.1.0"
source = { virtual = "." }
